PODS:
  - Alamofire (5.1.0)
  - Cuckoo (1.3.2):
    - Cuckoo/Swift (= 1.3.2)
  - Cuckoo/Swift (1.3.2)
  - Moya (14.0.0):
    - Moya/Core (= 14.0.0)
  - Moya/Core (14.0.0):
    - Alamofire (~> 5.0)
  - Nimble (8.0.8)
  - OHHTTPStubs (9.0.0):
    - OHHTTPStubs/Default (= 9.0.0)
  - OHHTTPStubs/Core (9.0.0)
  - OHHTTPStubs/Default (9.0.0):
    - OHHTTPStubs/Core
    - OHHTTPStubs/JSON
    - OHHTTPStubs/NSURLSession
    - OHHTTPStubs/OHPathHelpers
  - OHHTTPStubs/JSON (9.0.0):
    - OHHTTPStubs/Core
  - OHHTTPStubs/NSURLSession (9.0.0):
    - OHHTTPStubs/Core
  - OHHTTPStubs/OHPathHelpers (9.0.0)

DEPENDENCIES:
  - Cuckoo
  - Moya
  - Nimble
  - OHHTTPStubs

SPEC REPOS:
  trunk:
    - Alamofire
    - Cuckoo
    - Moya
    - Nimble
    - OHHTTPStubs

SPEC CHECKSUMS:
  Alamofire: 9d5c5f602928e512395b30950c5984eca840093c
  Cuckoo: 57f71c6616b6b08cd9fe27f803da056fb619ff3e
  Moya: 5b45dacb75adb009f97fde91c204c1e565d31916
  Nimble: 2da33c44adfde49552d4a6b3ef16039a45bf8dca
  OHHTTPStubs: cb29d2a9d09a828ecb93349a2b0c64f99e0db89f

PODFILE CHECKSUM: a798988c7bf8f3806c3936a95a9ed48bed4df549

COCOAPODS: 1.9.1
