{
  "object": {
    "pins": [
      {
        "package": "MDText",
        "repositoryURL": "https://github.com/Lambdo-Labs/MDText",
        "state": {
          "branch": null,
          "revision": "2b43670c3f183d16d073fa7b15569b68c622b1aa",
          "version": "0.0.9"
        }
      },
      {
        "package": "ViewInspector",
        "repositoryURL": "https://github.com/nalexn/ViewInspector",
        "state": {
          "branch": null,
          "revision": "7d55eb940242512aad2bf28db354d09d5de43893",
          "version": "0.3.11"
        }
      }
    ]
  },
  "version": 1
}
